
Microsoft Visual Studio Solution File, Format Version 12.00
# Visual Studio Version 16
VisualStudioVersion = 16.0.30717.126
MinimumVisualStudioVersion = 10.0.40219.1
Project("{FAE04EC0-301F-11D3-BF4B-00C04F79EFBC}") = "MyFirstAPIRest", "MyFirstAPIRest\MyFirstAPIRest.csproj", "{09CFB2B3-D534-49B5-AC06-2D833145BE98}"
EndProject
Global
	GlobalSection(SolutionConfigurationPlatforms) = preSolution
		Debug|Any CPU = Debug|Any CPU
		Release|Any CPU = Release|Any CPU
	EndGlobalSection
	GlobalSection(ProjectConfigurationPlatforms) = postSolution
		{09CFB2B3-D534-49B5-AC06-2D833145BE98}.Debug|Any CPU.ActiveCfg = Debug|Any CPU
		{09CFB2B3-D534-49B5-AC06-2D833145BE98}.Debug|Any CPU.Build.0 = Debug|Any CPU
		{09CFB2B3-D534-49B5-AC06-2D833145BE98}.Release|Any CPU.ActiveCfg = Release|Any CPU
		{09CFB2B3-D534-49B5-AC06-2D833145BE98}.Release|Any CPU.Build.0 = Release|Any CPU
	EndGlobalSection
	GlobalSection(SolutionProperties) = preSolution
		HideSolutionNode = FALSE
	EndGlobalSection
	GlobalSection(ExtensibilityGlobals) = postSolution
		SolutionGuid = {C459202C-FB86-42B7-A654-DB8DF50C82F1}
	EndGlobalSection
EndGlobal
